
Microsoft Visual Studio Solution File, Format Version 12.00
# Visual Studio Version 16
VisualStudioVersion = 16.0.29324.140
MinimumVisualStudioVersion = 10.0.40219.1
Project("{9A19103F-16F7-4668-BE54-9A1E7A4F7556}") = "Solid.OpenClosed", "Solid.OpenClosed\Solid.OpenClosed.csproj", "{A93777CE-0D8A-4E45-9D3D-A3FB18D1D1D3}"
EndProject
Project("{2150E333-8FDC-42A3-9474-1A3956D46DE8}") = "Solution Items", "Solution Items", "{082C9B07-D33C-4FB3-88C7-218D0CD4EB26}"
	ProjectSection(SolutionItems) = preProject
		.gitignore = .gitignore
		LICENSE = LICENSE
		README.md = README.md
	EndProjectSection
EndProject
Global
	GlobalSection(SolutionConfigurationPlatforms) = preSolution
		Debug|Any CPU = Debug|Any CPU
		Release|Any CPU = Release|Any CPU
	EndGlobalSection
	GlobalSection(ProjectConfigurationPlatforms) = postSolution
		{A93777CE-0D8A-4E45-9D3D-A3FB18D1D1D3}.Debug|Any CPU.ActiveCfg = Debug|Any CPU
		{A93777CE-0D8A-4E45-9D3D-A3FB18D1D1D3}.Debug|Any CPU.Build.0 = Debug|Any CPU
		{A93777CE-0D8A-4E45-9D3D-A3FB18D1D1D3}.Release|Any CPU.ActiveCfg = Release|Any CPU
		{A93777CE-0D8A-4E45-9D3D-A3FB18D1D1D3}.Release|Any CPU.Build.0 = Release|Any CPU
	EndGlobalSection
	GlobalSection(SolutionProperties) = preSolution
		HideSolutionNode = FALSE
	EndGlobalSection
	GlobalSection(ExtensibilityGlobals) = postSolution
		SolutionGuid = {370523DB-1582-4B57-8759-7AEF710B5ACB}
	EndGlobalSection
EndGlobal
